
Microsoft Visual Studio Solution File, Format Version 12.00
# Visual Studio Version 17
VisualStudioVersion = 17.0.31521.260
MinimumVisualStudioVersion = 10.0.40219.1
Project("{9A19103F-16F7-4668-BE54-9A1E7A4F7556}") = "Best Library In The World", "Best Library In The World\Best Library In The World.csproj", "{04FEB227-B8D8-4E9A-9B9B-4DFEBCB86EA8}"
EndProject
Project("{FAE04EC0-301F-11D3-BF4B-00C04F79EFBC}") = "Best Libraty In The World.Test", "Best Libraty In The World.Test\Best Libraty In The World.Test.csproj", "{D583EE7E-9127-4A6C-B03F-A5D631BE5A32}"
EndProject
Global
	GlobalSection(SolutionConfigurationPlatforms) = preSolution
		Debug|Any CPU = Debug|Any CPU
		Release|Any CPU = Release|Any CPU
	EndGlobalSection
	GlobalSection(ProjectConfigurationPlatforms) = postSolution
		{04FEB227-B8D8-4E9A-9B9B-4DFEBCB86EA8}.Debug|Any CPU.ActiveCfg = Debug|Any CPU
		{04FEB227-B8D8-4E9A-9B9B-4DFEBCB86EA8}.Debug|Any CPU.Build.0 = Debug|Any CPU
		{04FEB227-B8D8-4E9A-9B9B-4DFEBCB86EA8}.Release|Any CPU.ActiveCfg = Release|Any CPU
		{04FEB227-B8D8-4E9A-9B9B-4DFEBCB86EA8}.Release|Any CPU.Build.0 = Release|Any CPU
		{D583EE7E-9127-4A6C-B03F-A5D631BE5A32}.Debug|Any CPU.ActiveCfg = Debug|Any CPU
		{D583EE7E-9127-4A6C-B03F-A5D631BE5A32}.Debug|Any CPU.Build.0 = Debug|Any CPU
		{D583EE7E-9127-4A6C-B03F-A5D631BE5A32}.Release|Any CPU.ActiveCfg = Release|Any CPU
		{D583EE7E-9127-4A6C-B03F-A5D631BE5A32}.Release|Any CPU.Build.0 = Release|Any CPU
	EndGlobalSection
	GlobalSection(SolutionProperties) = preSolution
		HideSolutionNode = FALSE
	EndGlobalSection
	GlobalSection(ExtensibilityGlobals) = postSolution
		SolutionGuid = {52C74E75-12CE-4134-BBB9-F4F743B9C363}
	EndGlobalSection
EndGlobal
